
Microsoft Visual Studio Solution File, Format Version 12.00
Project("{FAE04EC0-301F-11D3-BF4B-00C04F79EFBC}") = "tut1", "tut1\tut1.csproj", "{FADB9095-AC23-4830-9B9A-4ADBDAC6DFBF}"
EndProject
Global
	GlobalSection(SolutionConfigurationPlatforms) = preSolution
		Debug|Any CPU = Debug|Any CPU
		Release|Any CPU = Release|Any CPU
	EndGlobalSection
	GlobalSection(ProjectConfigurationPlatforms) = postSolution
		{FADB9095-AC23-4830-9B9A-4ADBDAC6DFBF}.Debug|Any CPU.ActiveCfg = Debug|Any CPU
		{FADB9095-AC23-4830-9B9A-4ADBDAC6DFBF}.Debug|Any CPU.Build.0 = Debug|Any CPU
		{FADB9095-AC23-4830-9B9A-4ADBDAC6DFBF}.Release|Any CPU.ActiveCfg = Release|Any CPU
		{FADB9095-AC23-4830-9B9A-4ADBDAC6DFBF}.Release|Any CPU.Build.0 = Release|Any CPU
	EndGlobalSection
EndGlobal
