
Microsoft Visual Studio Solution File, Format Version 12.00
Project("{FAE04EC0-301F-11D3-BF4B-00C04F79EFBC}") = "tut8", "tut8.csproj", "{387A9C3A-EE52-42BC-8B41-63BD7E122A67}"
EndProject
Global
	GlobalSection(SolutionConfigurationPlatforms) = preSolution
		Debug|Any CPU = Debug|Any CPU
		Release|Any CPU = Release|Any CPU
	EndGlobalSection
	GlobalSection(ProjectConfigurationPlatforms) = postSolution
		{387A9C3A-EE52-42BC-8B41-63BD7E122A67}.Debug|Any CPU.ActiveCfg = Debug|Any CPU
		{387A9C3A-EE52-42BC-8B41-63BD7E122A67}.Debug|Any CPU.Build.0 = Debug|Any CPU
		{387A9C3A-EE52-42BC-8B41-63BD7E122A67}.Release|Any CPU.ActiveCfg = Release|Any CPU
		{387A9C3A-EE52-42BC-8B41-63BD7E122A67}.Release|Any CPU.Build.0 = Release|Any CPU
	EndGlobalSection
EndGlobal
